
Microsoft Visual Studio Solution File, Format Version 12.00
# Visual Studio 14
VisualStudioVersion = 14.0.22310.1
MinimumVisualStudioVersion = 10.0.40219.1
Project("{FAE04EC0-301F-11D3-BF4B-00C04F79EFBC}") = "spN Launcher - Arma 3", "spN Launcher - Arma 3.csproj", "{EFA4D267-61E0-4BBC-B212-0E4A9394C4CD}"
EndProject
Project("{FAE04EC0-301F-11D3-BF4B-00C04F79EFBC}") = "zUpdator", "..\zUpdator\zUpdator.csproj", "{1C54B7C6-3E8D-4B51-9C6A-ED50CB3270ED}"
EndProject
Global
	GlobalSection(SolutionConfigurationPlatforms) = preSolution
		Debug|Any CPU = Debug|Any CPU
		Release|Any CPU = Release|Any CPU
	EndGlobalSection
	GlobalSection(ProjectConfigurationPlatforms) = postSolution
		{EFA4D267-61E0-4BBC-B212-0E4A9394C4CD}.Debug|Any CPU.ActiveCfg = Debug|Any CPU
		{EFA4D267-61E0-4BBC-B212-0E4A9394C4CD}.Debug|Any CPU.Build.0 = Debug|Any CPU
		{EFA4D267-61E0-4BBC-B212-0E4A9394C4CD}.Release|Any CPU.ActiveCfg = Release|Any CPU
		{EFA4D267-61E0-4BBC-B212-0E4A9394C4CD}.Release|Any CPU.Build.0 = Release|Any CPU
		{1C54B7C6-3E8D-4B51-9C6A-ED50CB3270ED}.Debug|Any CPU.ActiveCfg = Debug|Any CPU
		{1C54B7C6-3E8D-4B51-9C6A-ED50CB3270ED}.Debug|Any CPU.Build.0 = Debug|Any CPU
		{1C54B7C6-3E8D-4B51-9C6A-ED50CB3270ED}.Release|Any CPU.ActiveCfg = Release|Any CPU
		{1C54B7C6-3E8D-4B51-9C6A-ED50CB3270ED}.Release|Any CPU.Build.0 = Release|Any CPU
	EndGlobalSection
	GlobalSection(SolutionProperties) = preSolution
		HideSolutionNode = FALSE
	EndGlobalSection
EndGlobal
